// !$*UTF8*$!
{
	archiveVersion = 1;
	classes = {
	};
	objectVersion = 50;
	objects = {

/* Begin PBXBuildFile section */
		72248B8F2704DA88004F6DC4 /* MapLocationApp.swift in Sources */ = {isa = PBXBuildFile; fileRef = 72248B8E2704DA88004F6DC4 /* MapLocationApp.swift */; };
		72248B912704DA88004F6DC4 /* ContentView.swift in Sources */ = {isa = PBXBuildFile; fileRef = 72248B902704DA88004F6DC4 /* ContentView.swift */; };
		72248B932704DA8F004F6DC4 /* Assets.xcassets in Resources */ = {isa = PBXBuildFile; fileRef = 72248B922704DA8F004F6DC4 /* Assets.xcassets */; };
		72248B962704DA8F004F6DC4 /* Preview Assets.xcassets in Resources */ = {isa = PBXBuildFile; fileRef = 72248B952704DA8F004F6DC4 /* Preview Assets.xcassets */; };
		72248BA32704DAE6004F6DC4 /* FavoriteView.swift in Sources */ = {isa = PBXBuildFile; fileRef = 72248BA22704DAE6004F6DC4 /* FavoriteView.swift */; };
		72248BCA2704E53D004F6DC4 /* FavoritesAnnotaion.swift in Sources */ = {isa = PBXBuildFile; fileRef = 72248BC92704E53D004F6DC4 /* FavoritesAnnotaion.swift */; };
		72248BCD2704F311004F6DC4 /* MapView.swift in Sources */ = {isa = PBXBuildFile; fileRef = 72248BCC2704F311004F6DC4 /* MapView.swift */; };
		72248BD02704F76F004F6DC4 /* MapViewcoordinator.Swift in Sources */ = {isa = PBXBuildFile; fileRef = 72248BCF2704F76F004F6DC4 /* MapViewcoordinator.Swift */; };
/* End PBXBuildFile section */

/* Begin PBXFileReference section */
		72248B8B2704DA88004F6DC4 /* MapLocation.app */ = {isa = PBXFileReference; explicitFileType = wrapper.application; includeInIndex = 0; path = MapLocation.app; sourceTree = BUILT_PRODUCTS_DIR; };
		72248B8E2704DA88004F6DC4 /* MapLocationApp.swift */ = {isa = PBXFileReference; lastKnownFileType = sourcecode.swift; path = MapLocationApp.swift; sourceTree = "<group>"; };
		72248B902704DA88004F6DC4 /* ContentView.swift */ = {isa = PBXFileReference; lastKnownFileType = sourcecode.swift; path = ContentView.swift; sourceTree = "<group>"; };
		72248B922704DA8F004F6DC4 /* Assets.xcassets */ = {isa = PBXFileReference; lastKnownFileType = folder.assetcatalog; path = Assets.xcassets; sourceTree = "<group>"; };
		72248B952704DA8F004F6DC4 /* Preview Assets.xcassets */ = {isa = PBXFileReference; lastKnownFileType = folder.assetcatalog; path = "Preview Assets.xcassets"; sourceTree = "<group>"; };
		72248B972704DA8F004F6DC4 /* Info.plist */ = {isa = PBXFileReference; lastKnownFileType = text.plist.xml; path = Info.plist; sourceTree = "<group>"; };
		72248BA22704DAE6004F6DC4 /* FavoriteView.swift */ = {isa = PBXFileReference; lastKnownFileType = sourcecode.swift; path = FavoriteView.swift; sourceTree = "<group>"; };
		72248BC92704E53D004F6DC4 /* FavoritesAnnotaion.swift */ = {isa = PBXFileReference; lastKnownFileType = sourcecode.swift; path = FavoritesAnnotaion.swift; sourceTree = "<group>"; };
		72248BCC2704F311004F6DC4 /* MapView.swift */ = {isa = PBXFileReference; lastKnownFileType = sourcecode.swift; path = MapView.swift; sourceTree = "<group>"; };
		72248BCF2704F76F004F6DC4 /* MapViewcoordinator.Swift */ = {isa = PBXFileReference; lastKnownFileType = sourcecode.swift; path = MapViewcoordinator.Swift; sourceTree = "<group>"; };
/* End PBXFileReference section */

/* Begin PBXFrameworksBuildPhase section */
		72248B882704DA88004F6DC4 /* Frameworks */ = {
			isa = PBXFrameworksBuildPhase;
			buildActionMask = 2147483647;
			files = (
			);
			runOnlyForDeploymentPostprocessing = 0;
		};
/* End PBXFrameworksBuildPhase section */

/* Begin PBXGroup section */
		72248B822704DA88004F6DC4 = {
			isa = PBXGroup;
			children = (
				72248B8D2704DA88004F6DC4 /* MapLocation */,
				72248B8C2704DA88004F6DC4 /* Products */,
			);
			sourceTree = "<group>";
		};
		72248B8C2704DA88004F6DC4 /* Products */ = {
			isa = PBXGroup;
			children = (
				72248B8B2704DA88004F6DC4 /* MapLocation.app */,
			);
			name = Products;
			sourceTree = "<group>";
		};
		72248B8D2704DA88004F6DC4 /* MapLocation */ = {
			isa = PBXGroup;
			children = (
				72248B972704DA8F004F6DC4 /* Info.plist */,
				72248BA12704DA9F004F6DC4 /* Model */,
				72248B9E2704DA98004F6DC4 /* View */,
				72248B9F2704DA9C004F6DC4 /* ViewModel */,
			);
			path = MapLocation;
			sourceTree = "<group>";
		};
		72248B942704DA8F004F6DC4 /* Preview Content */ = {
			isa = PBXGroup;
			children = (
				72248B952704DA8F004F6DC4 /* Preview Assets.xcassets */,
			);
			name = "Preview Content";
			path = ..;
			sourceTree = "<group>";
		};
		72248B9E2704DA98004F6DC4 /* View */ = {
			isa = PBXGroup;
			children = (
				72248B902704DA88004F6DC4 /* ContentView.swift */,
				72248BA22704DAE6004F6DC4 /* FavoriteView.swift */,
			);
			path = View;
			sourceTree = "<group>";
		};
		72248B9F2704DA9C004F6DC4 /* ViewModel */ = {
			isa = PBXGroup;
			children = (
				72248BCC2704F311004F6DC4 /* MapView.swift */,
				72248B8E2704DA88004F6DC4 /* MapLocationApp.swift */,
				72248B922704DA8F004F6DC4 /* Assets.xcassets */,
				72248B942704DA8F004F6DC4 /* Preview Content */,
			);
			name = ViewModel;
			path = "Preview Content/ViewModel";
			sourceTree = "<group>";
		};
		72248BA12704DA9F004F6DC4 /* Model */ = {
			isa = PBXGroup;
			children = (
				72248BC92704E53D004F6DC4 /* FavoritesAnnotaion.swift */,
				72248BCF2704F76F004F6DC4 /* MapViewcoordinator.Swift */,
			);
			path = Model;
			sourceTree = "<group>";
		};
/* End PBXGroup section */

/* Begin PBXNativeTarget section */
		72248B8A2704DA88004F6DC4 /* MapLocation */ = {
			isa = PBXNativeTarget;
			buildConfigurationList = 72248B9A2704DA8F004F6DC4 /* Build configuration list for PBXNativeTarget "MapLocation" */;
			buildPhases = (
				72248B872704DA88004F6DC4 /* Sources */,
				72248B882704DA88004F6DC4 /* Frameworks */,
				72248B892704DA88004F6DC4 /* Resources */,
			);
			buildRules = (
			);
			dependencies = (
			);
			name = MapLocation;
			productName = MapLocation;
			productReference = 72248B8B2704DA88004F6DC4 /* MapLocation.app */;
			productType = "com.apple.product-type.application";
		};
/* End PBXNativeTarget section */

/* Begin PBXProject section */
		72248B832704DA88004F6DC4 /* Project object */ = {
			isa = PBXProject;
			attributes = {
				LastSwiftUpdateCheck = 1240;
				LastUpgradeCheck = 1240;
				TargetAttributes = {
					72248B8A2704DA88004F6DC4 = {
						CreatedOnToolsVersion = 12.4;
					};
				};
			};
			buildConfigurationList = 72248B862704DA88004F6DC4 /* Build configuration list for PBXProject "MapLocation" */;
			compatibilityVersion = "Xcode 9.3";
			developmentRegion = en;
			hasScannedForEncodings = 0;
			knownRegions = (
				en,
				Base,
			);
			mainGroup = 72248B822704DA88004F6DC4;
			productRefGroup = 72248B8C2704DA88004F6DC4 /* Products */;
			projectDirPath = "";
			projectRoot = "";
			targets = (
				72248B8A2704DA88004F6DC4 /* MapLocation */,
			);
		};
/* End PBXProject section */

/* Begin PBXResourcesBuildPhase section */
		72248B892704DA88004F6DC4 /* Resources */ = {
			isa = PBXResourcesBuildPhase;
			buildActionMask = 2147483647;
			files = (
				72248B962704DA8F004F6DC4 /* Preview Assets.xcassets in Resources */,
				72248B932704DA8F004F6DC4 /* Assets.xcassets in Resources */,
			);
			runOnlyForDeploymentPostprocessing = 0;
		};
/* End PBXResourcesBuildPhase section */

/* Begin PBXSourcesBuildPhase section */
		72248B872704DA88004F6DC4 /* Sources */ = {
			isa = PBXSourcesBuildPhase;
			buildActionMask = 2147483647;
			files = (
				72248B912704DA88004F6DC4 /* ContentView.swift in Sources */,
				72248BCA2704E53D004F6DC4 /* FavoritesAnnotaion.swift in Sources */,
				72248BD02704F76F004F6DC4 /* MapViewcoordinator.Swift in Sources */,
				72248BCD2704F311004F6DC4 /* MapView.swift in Sources */,
				72248BA32704DAE6004F6DC4 /* FavoriteView.swift in Sources */,
				72248B8F2704DA88004F6DC4 /* MapLocationApp.swift in Sources */,
			);
			runOnlyForDeploymentPostprocessing = 0;
		};
/* End PBXSourcesBuildPhase section */

/* Begin XCBuildConfiguration section */
		72248B982704DA8F004F6DC4 /* Debug */ = {
			isa = XCBuildConfiguration;
			buildSettings = {
				ALWAYS_SEARCH_USER_PATHS = NO;
				CLANG_ANALYZER_NONNULL = YES;
				CLANG_ANALYZER_NUMBER_OBJECT_CONVERSION = YES_AGGRESSIVE;
				CLANG_CXX_LANGUAGE_STANDARD = "gnu++14";
				CLANG_CXX_LIBRARY = "libc++";
				CLANG_ENABLE_MODULES = YES;
				CLANG_ENABLE_OBJC_ARC = YES;
				CLANG_ENABLE_OBJC_WEAK = YES;
				CLANG_WARN_BLOCK_CAPTURE_AUTORELEASING = YES;
				CLANG_WARN_BOOL_CONVERSION = YES;
				CLANG_WARN_COMMA = YES;
				CLANG_WARN_CONSTANT_CONVERSION = YES;
				CLANG_WARN_DEPRECATED_OBJC_IMPLEMENTATIONS = YES;
				CLANG_WARN_DIRECT_OBJC_ISA_USAGE = YES_ERROR;
				CLANG_WARN_DOCUMENTATION_COMMENTS = YES;
				CLANG_WARN_EMPTY_BODY = YES;
				CLANG_WARN_ENUM_CONVERSION = YES;
				CLANG_WARN_INFINITE_RECURSION = YES;
				CLANG_WARN_INT_CONVERSION = YES;
				CLANG_WARN_NON_LITERAL_NULL_CONVERSION = YES;
				CLANG_WARN_OBJC_IMPLICIT_RETAIN_SELF = YES;
				CLANG_WARN_OBJC_LITERAL_CONVERSION = YES;
				CLANG_WARN_OBJC_ROOT_CLASS = YES_ERROR;
				CLANG_WARN_QUOTED_INCLUDE_IN_FRAMEWORK_HEADER = YES;
				CLANG_WARN_RANGE_LOOP_ANALYSIS = YES;
				CLANG_WARN_STRICT_PROTOTYPES = YES;
				CLANG_WARN_SUSPICIOUS_MOVE = YES;
				CLANG_WARN_UNGUARDED_AVAILABILITY = YES_AGGRESSIVE;
				CLANG_WARN_UNREACHABLE_CODE = YES;
				CLANG_WARN__DUPLICATE_METHOD_MATCH = YES;
				COPY_PHASE_STRIP = NO;
				DEBUG_INFORMATION_FORMAT = dwarf;
				ENABLE_STRICT_OBJC_MSGSEND = YES;
				ENABLE_TESTABILITY = YES;
				GCC_C_LANGUAGE_STANDARD = gnu11;
				GCC_DYNAMIC_NO_PIC = NO;
				GCC_NO_COMMON_BLOCKS = YES;
				GCC_OPTIMIZATION_LEVEL = 0;
				GCC_PREPROCESSOR_DEFINITIONS = (
					"DEBUG=1",
					"$(inherited)",
				);
				GCC_WARN_64_TO_32_BIT_CONVERSION = YES;
				GCC_WARN_ABOUT_RETURN_TYPE = YES_ERROR;
				GCC_WARN_UNDECLARED_SELECTOR = YES;
				GCC_WARN_UNINITIALIZED_AUTOS = YES_AGGRESSIVE;
				GCC_WARN_UNUSED_FUNCTION = YES;
				GCC_WARN_UNUSED_VARIABLE = YES;
				IPHONEOS_DEPLOYMENT_TARGET = 14.4;
				MTL_ENABLE_DEBUG_INFO = INCLUDE_SOURCE;
				MTL_FAST_MATH = YES;
				ONLY_ACTIVE_ARCH = YES;
				SDKROOT = iphoneos;
				SWIFT_ACTIVE_COMPILATION_CONDITIONS = DEBUG;
				SWIFT_OPTIMIZATION_LEVEL = "-Onone";
			};
			name = Debug;
		};
		72248B992704DA8F004F6DC4 /* Release */ = {
			isa = XCBuildConfiguration;
			buildSettings = {
				ALWAYS_SEARCH_USER_PATHS = NO;
				CLANG_ANALYZER_NONNULL = YES;
				CLANG_ANALYZER_NUMBER_OBJECT_CONVERSION = YES_AGGRESSIVE;
				CLANG_CXX_LANGUAGE_STANDARD = "gnu++14";
				CLANG_CXX_LIBRARY = "libc++";
				CLANG_ENABLE_MODULES = YES;
				CLANG_ENABLE_OBJC_ARC = YES;
				CLANG_ENABLE_OBJC_WEAK = YES;
				CLANG_WARN_BLOCK_CAPTURE_AUTORELEASING = YES;
				CLANG_WARN_BOOL_CONVERSION = YES;
				CLANG_WARN_COMMA = YES;
				CLANG_WARN_CONSTANT_CONVERSION = YES;
				CLANG_WARN_DEPRECATED_OBJC_IMPLEMENTATIONS = YES;
				CLANG_WARN_DIRECT_OBJC_ISA_USAGE = YES_ERROR;
				CLANG_WARN_DOCUMENTATION_COMMENTS = YES;
				CLANG_WARN_EMPTY_BODY = YES;
				CLANG_WARN_ENUM_CONVERSION = YES;
				CLANG_WARN_INFINITE_RECURSION = YES;
				CLANG_WARN_INT_CONVERSION = YES;
				CLANG_WARN_NON_LITERAL_NULL_CONVERSION = YES;
				CLANG_WARN_OBJC_IMPLICIT_RETAIN_SELF = YES;
				CLANG_WARN_OBJC_LITERAL_CONVERSION = YES;
				CLANG_WARN_OBJC_ROOT_CLASS = YES_ERROR;
				CLANG_WARN_QUOTED_INCLUDE_IN_FRAMEWORK_HEADER = YES;
				CLANG_WARN_RANGE_LOOP_ANALYSIS = YES;
				CLANG_WARN_STRICT_PROTOTYPES = YES;
				CLANG_WARN_SUSPICIOUS_MOVE = YES;
				CLANG_WARN_UNGUARDED_AVAILABILITY = YES_AGGRESSIVE;
				CLANG_WARN_UNREACHABLE_CODE = YES;
				CLANG_WARN__DUPLICATE_METHOD_MATCH = YES;
				COPY_PHASE_STRIP = NO;
				DEBUG_INFORMATION_FORMAT = "dwarf-with-dsym";
				ENABLE_NS_ASSERTIONS = NO;
				ENABLE_STRICT_OBJC_MSGSEND = YES;
				GCC_C_LANGUAGE_STANDARD = gnu11;
				GCC_NO_COMMON_BLOCKS = YES;
				GCC_WARN_64_TO_32_BIT_CONVERSION = YES;
				GCC_WARN_ABOUT_RETURN_TYPE = YES_ERROR;
				GCC_WARN_UNDECLARED_SELECTOR = YES;
				GCC_WARN_UNINITIALIZED_AUTOS = YES_AGGRESSIVE;
				GCC_WARN_UNUSED_FUNCTION = YES;
				GCC_WARN_UNUSED_VARIABLE = YES;
				IPHONEOS_DEPLOYMENT_TARGET = 14.4;
				MTL_ENABLE_DEBUG_INFO = NO;
				MTL_FAST_MATH = YES;
				SDKROOT = iphoneos;
				SWIFT_COMPILATION_MODE = wholemodule;
				SWIFT_OPTIMIZATION_LEVEL = "-O";
				VALIDATE_PRODUCT = YES;
			};
			name = Release;
		};
		72248B9B2704DA8F004F6DC4 /* Debug */ = {
			isa = XCBuildConfiguration;
			buildSettings = {
				ASSETCATALOG_COMPILER_APPICON_NAME = AppIcon;
				ASSETCATALOG_COMPILER_GLOBAL_ACCENT_COLOR_NAME = AccentColor;
				CODE_SIGN_STYLE = Automatic;
				DEVELOPMENT_ASSET_PATHS = "\"MapLocation/Preview Content\"";
				DEVELOPMENT_TEAM = GQK4S6FK4X;
				ENABLE_PREVIEWS = YES;
				INFOPLIST_FILE = MapLocation/Info.plist;
				IPHONEOS_DEPLOYMENT_TARGET = 14.0;
				LD_RUNPATH_SEARCH_PATHS = (
					"$(inherited)",
					"@executable_path/Frameworks",
				);
				PRODUCT_BUNDLE_IDENTIFIER = rt.MapLocation;
				PRODUCT_NAME = "$(TARGET_NAME)";
				SWIFT_VERSION = 5.0;
				TARGETED_DEVICE_FAMILY = "1,2";
			};
			name = Debug;
		};
		72248B9C2704DA8F004F6DC4 /* Release */ = {
			isa = XCBuildConfiguration;
			buildSettings = {
				ASSETCATALOG_COMPILER_APPICON_NAME = AppIcon;
				ASSETCATALOG_COMPILER_GLOBAL_ACCENT_COLOR_NAME = AccentColor;
				CODE_SIGN_STYLE = Automatic;
				DEVELOPMENT_ASSET_PATHS = "\"MapLocation/Preview Content\"";
				DEVELOPMENT_TEAM = GQK4S6FK4X;
				ENABLE_PREVIEWS = YES;
				INFOPLIST_FILE = MapLocation/Info.plist;
				IPHONEOS_DEPLOYMENT_TARGET = 14.0;
				LD_RUNPATH_SEARCH_PATHS = (
					"$(inherited)",
					"@executable_path/Frameworks",
				);
				PRODUCT_BUNDLE_IDENTIFIER = rt.MapLocation;
				PRODUCT_NAME = "$(TARGET_NAME)";
				SWIFT_VERSION = 5.0;
				TARGETED_DEVICE_FAMILY = "1,2";
			};
			name = Release;
		};
/* End XCBuildConfiguration section */

/* Begin XCConfigurationList section */
		72248B862704DA88004F6DC4 /* Build configuration list for PBXProject "MapLocation" */ = {
			isa = XCConfigurationList;
			buildConfigurations = (
				72248B982704DA8F004F6DC4 /* Debug */,
				72248B992704DA8F004F6DC4 /* Release */,
			);
			defaultConfigurationIsVisible = 0;
			defaultConfigurationName = Release;
		};
		72248B9A2704DA8F004F6DC4 /* Build configuration list for PBXNativeTarget "MapLocation" */ = {
			isa = XCConfigurationList;
			buildConfigurations = (
				72248B9B2704DA8F004F6DC4 /* Debug */,
				72248B9C2704DA8F004F6DC4 /* Release */,
			);
			defaultConfigurationIsVisible = 0;
			defaultConfigurationName = Release;
		};
/* End XCConfigurationList section */
	};
	rootObject = 72248B832704DA88004F6DC4 /* Project object */;
}
